
Microsoft Visual Studio Solution File, Format Version 12.00
# Visual Studio Version 17
VisualStudioVersion = 17.6.33801.468
MinimumVisualStudioVersion = 10.0.40219.1
Project("{9A19103F-16F7-4668-BE54-9A1E7A4F7556}") = "BL_MeterCheck_API", "BL_MeterCheck\BL_MeterCheck_API.csproj", "{574123E0-28DC-40D4-BA45-043683387BC2}"
EndProject
Project("{9A19103F-16F7-4668-BE54-9A1E7A4F7556}") = "BL_MeterCheck_Business", "BL_MeterCheck_Business\BL_MeterCheck_Business.csproj", "{3E7E5291-DC97-4B32-8C71-FB7E9F09CA8A}"
EndProject
Project("{9A19103F-16F7-4668-BE54-9A1E7A4F7556}") = "BL_MeterCheck_DataAccess", "BL_MeterCheck_DataAccess\BL_MeterCheck_DataAccess.csproj", "{87DCFA4E-6FBB-41B5-B178-986C8DD27483}"
EndProject
Project("{9A19103F-16F7-4668-BE54-9A1E7A4F7556}") = "BL_MeterCheckModels", "BL_MeterCheckModels\BL_MeterCheckModels.csproj", "{3EBB56F1-6C38-4D04-8F75-FA5670E9EA00}"
EndProject
Global
	GlobalSection(SolutionConfigurationPlatforms) = preSolution
		Debug|Any CPU = Debug|Any CPU
		Release|Any CPU = Release|Any CPU
	EndGlobalSection
	GlobalSection(ProjectConfigurationPlatforms) = postSolution
		{574123E0-28DC-40D4-BA45-043683387BC2}.Debug|Any CPU.ActiveCfg = Debug|Any CPU
		{574123E0-28DC-40D4-BA45-043683387BC2}.Debug|Any CPU.Build.0 = Debug|Any CPU
		{574123E0-28DC-40D4-BA45-043683387BC2}.Release|Any CPU.ActiveCfg = Release|Any CPU
		{574123E0-28DC-40D4-BA45-043683387BC2}.Release|Any CPU.Build.0 = Release|Any CPU
		{3E7E5291-DC97-4B32-8C71-FB7E9F09CA8A}.Debug|Any CPU.ActiveCfg = Debug|Any CPU
		{3E7E5291-DC97-4B32-8C71-FB7E9F09CA8A}.Debug|Any CPU.Build.0 = Debug|Any CPU
		{3E7E5291-DC97-4B32-8C71-FB7E9F09CA8A}.Release|Any CPU.ActiveCfg = Release|Any CPU
		{3E7E5291-DC97-4B32-8C71-FB7E9F09CA8A}.Release|Any CPU.Build.0 = Release|Any CPU
		{87DCFA4E-6FBB-41B5-B178-986C8DD27483}.Debug|Any CPU.ActiveCfg = Debug|Any CPU
		{87DCFA4E-6FBB-41B5-B178-986C8DD27483}.Debug|Any CPU.Build.0 = Debug|Any CPU
		{87DCFA4E-6FBB-41B5-B178-986C8DD27483}.Release|Any CPU.ActiveCfg = Release|Any CPU
		{87DCFA4E-6FBB-41B5-B178-986C8DD27483}.Release|Any CPU.Build.0 = Release|Any CPU
		{3EBB56F1-6C38-4D04-8F75-FA5670E9EA00}.Debug|Any CPU.ActiveCfg = Debug|Any CPU
		{3EBB56F1-6C38-4D04-8F75-FA5670E9EA00}.Debug|Any CPU.Build.0 = Debug|Any CPU
		{3EBB56F1-6C38-4D04-8F75-FA5670E9EA00}.Release|Any CPU.ActiveCfg = Release|Any CPU
		{3EBB56F1-6C38-4D04-8F75-FA5670E9EA00}.Release|Any CPU.Build.0 = Release|Any CPU
	EndGlobalSection
	GlobalSection(SolutionProperties) = preSolution
		HideSolutionNode = FALSE
	EndGlobalSection
	GlobalSection(ExtensibilityGlobals) = postSolution
		SolutionGuid = {69E0C515-B0DD-4DE6-AC53-885ADB3D9C54}
	EndGlobalSection
EndGlobal
